
Microsoft Visual Studio Solution File, Format Version 12.00
# Visual Studio Version 17
VisualStudioVersion = 17.2.32630.192
MinimumVisualStudioVersion = 10.0.40219.1
Project("{FAE04EC0-301F-11D3-BF4B-00C04F79EFBC}") = "DevExtremeChartBuilder", "DevExtremeChartBuilder\DevExtremeChartBuilder.csproj", "{69FDBD27-356A-4841-AF9E-AE73DB1B8536}"
EndProject
Global
	GlobalSection(SolutionConfigurationPlatforms) = preSolution
		Debug|Any CPU = Debug|Any CPU
		Release|Any CPU = Release|Any CPU
	EndGlobalSection
	GlobalSection(ProjectConfigurationPlatforms) = postSolution
		{69FDBD27-356A-4841-AF9E-AE73DB1B8536}.Debug|Any CPU.ActiveCfg = Debug|Any CPU
		{69FDBD27-356A-4841-AF9E-AE73DB1B8536}.Debug|Any CPU.Build.0 = Debug|Any CPU
		{69FDBD27-356A-4841-AF9E-AE73DB1B8536}.Release|Any CPU.ActiveCfg = Release|Any CPU
		{69FDBD27-356A-4841-AF9E-AE73DB1B8536}.Release|Any CPU.Build.0 = Release|Any CPU
	EndGlobalSection
	GlobalSection(SolutionProperties) = preSolution
		HideSolutionNode = FALSE
	EndGlobalSection
	GlobalSection(ExtensibilityGlobals) = postSolution
		SolutionGuid = {BE40AC95-DE04-4AD3-883C-13D9CFE41DFC}
	EndGlobalSection
EndGlobal
